# THIS IS AN AUTOGENERATED FILE. DO NOT EDIT THIS FILE DIRECTLY.
# yarn lockfile v1


"@octokit/rest@^15.2.4":
  version "15.2.4"
  resolved "https://registry.yarnpkg.com/@octokit/rest/-/rest-15.2.4.tgz#f83a0892979b2792aac073c17671fd4ce5239a9e"
  dependencies:
    before-after-hook "^1.1.0"
    btoa-lite "^1.0.0"
    debug "^3.1.0"
    http-proxy-agent "^2.1.0"
    https-proxy-agent "^2.2.0"
    lodash "^4.17.4"
    node-fetch "^2.1.1"
    url-template "^2.0.8"

agent-base@4, agent-base@^4.1.0:
  version "4.2.0"
  resolved "https://registry.yarnpkg.com/agent-base/-/agent-base-4.2.0.tgz#9838b5c3392b962bad031e6a4c5e1024abec45ce"
  dependencies:
    es6-promisify "^5.0.0"

before-after-hook@^1.1.0:
  version "1.1.0"
  resolved "https://registry.yarnpkg.com/before-after-hook/-/before-after-hook-1.1.0.tgz#83165e15a59460d13702cb8febd6a1807896db5a"

btoa-lite@^1.0.0:
  version "1.0.0"
  resolved "https://registry.yarnpkg.com/btoa-lite/-/btoa-lite-1.0.0.tgz#337766da15801210fdd956c22e9c6891ab9d0337"

debug@3.1.0, debug@^3.1.0:
  version "3.1.0"
  resolved "https://registry.yarnpkg.com/debug/-/debug-3.1.0.tgz#5bb5a0672628b64149566ba16819e61518c67261"
  dependencies:
    ms "2.0.0"

dotenv@^5.0.1:
  version "5.0.1"
  resolved "https://registry.yarnpkg.com/dotenv/-/dotenv-5.0.1.tgz#a5317459bd3d79ab88cff6e44057a6a3fbb1fcef"

es6-promise@^4.0.3:
  version "4.2.4"
  resolved "https://registry.yarnpkg.com/es6-promise/-/es6-promise-4.2.4.tgz#dc4221c2b16518760bd8c39a52d8f356fc00ed29"

es6-promisify@^5.0.0:
  version "5.0.0"
  resolved "https://registry.yarnpkg.com/es6-promisify/-/es6-promisify-5.0.0.tgz#5109d62f3e56ea967c4b63505aef08291c8a5203"
  dependencies:
    es6-promise "^4.0.3"

http-proxy-agent@^2.1.0:
  version "2.1.0"
  resolved "https://registry.yarnpkg.com/http-proxy-agent/-/http-proxy-agent-2.1.0.tgz#e4821beef5b2142a2026bd73926fe537631c5405"
  dependencies:
    agent-base "4"
    debug "3.1.0"

https-proxy-agent@^2.2.0:
  version "2.2.0"
  resolved "https://registry.yarnpkg.com/https-proxy-agent/-/https-proxy-agent-2.2.0.tgz#7fbba856be8cd677986f42ebd3664f6317257887"
  dependencies:
    agent-base "^4.1.0"
    debug "^3.1.0"

lodash@^4.17.4:
  version "4.17.5"
  resolved "https://registry.yarnpkg.com/lodash/-/lodash-4.17.5.tgz#99a92d65c0272debe8c96b6057bc8fbfa3bed511"

minimist@0.0.8:
  version "0.0.8"
  resolved "https://registry.yarnpkg.com/minimist/-/minimist-0.0.8.tgz#857fcabfc3397d2625b8228262e86aa7a011b05d"

mkdirp@^0.5.1:
  version "0.5.1"
  resolved "https://registry.yarnpkg.com/mkdirp/-/mkdirp-0.5.1.tgz#30057438eac6cf7f8c4767f38648d6697d75c903"
  dependencies:
    minimist "0.0.8"

ms@2.0.0:
  version "2.0.0"
  resolved "https://registry.yarnpkg.com/ms/-/ms-2.0.0.tgz#5608aeadfc00be6c2901df5f9861788de0d597c8"

node-fetch@^2.1.1:
  version "2.1.1"
  resolved "https://registry.yarnpkg.com/node-fetch/-/node-fetch-2.1.1.tgz#369ca70b82f50c86496104a6c776d274f4e4a2d4"

url-template@^2.0.8:
  version "2.0.8"
  resolved "https://registry.yarnpkg.com/url-template/-/url-template-2.0.8.tgz#fc565a3cccbff7730c775f5641f9555791439f21"
